
Microsoft Visual Studio Solution File, Format Version 12.00
Project("{FAE04EC0-301F-11D3-BF4B-00C04F79EFBC}") = "OOP_task4", "OOP_task4\OOP_task4.csproj", "{F6AB24E5-DAED-45F0-B0B8-3C9A0282057A}"
EndProject
Project("{FAE04EC0-301F-11D3-BF4B-00C04F79EFBC}") = "ShopCatalog", "ShopCatalog\ShopCatalog.csproj", "{B0FEC74D-19C4-4DCC-87B2-FFA5F1D8E9C1}"
EndProject
Global
	GlobalSection(SolutionConfigurationPlatforms) = preSolution
		Debug|Any CPU = Debug|Any CPU
		Release|Any CPU = Release|Any CPU
	EndGlobalSection
	GlobalSection(ProjectConfigurationPlatforms) = postSolution
		{F6AB24E5-DAED-45F0-B0B8-3C9A0282057A}.Debug|Any CPU.ActiveCfg = Debug|Any CPU
		{F6AB24E5-DAED-45F0-B0B8-3C9A0282057A}.Debug|Any CPU.Build.0 = Debug|Any CPU
		{F6AB24E5-DAED-45F0-B0B8-3C9A0282057A}.Release|Any CPU.ActiveCfg = Release|Any CPU
		{F6AB24E5-DAED-45F0-B0B8-3C9A0282057A}.Release|Any CPU.Build.0 = Release|Any CPU
		{B0FEC74D-19C4-4DCC-87B2-FFA5F1D8E9C1}.Debug|Any CPU.ActiveCfg = Debug|Any CPU
		{B0FEC74D-19C4-4DCC-87B2-FFA5F1D8E9C1}.Debug|Any CPU.Build.0 = Debug|Any CPU
		{B0FEC74D-19C4-4DCC-87B2-FFA5F1D8E9C1}.Release|Any CPU.ActiveCfg = Release|Any CPU
		{B0FEC74D-19C4-4DCC-87B2-FFA5F1D8E9C1}.Release|Any CPU.Build.0 = Release|Any CPU
	EndGlobalSection
EndGlobal
