
Microsoft Visual Studio Solution File, Format Version 12.00
Project("{FAE04EC0-301F-11D3-BF4B-00C04F79EFBC}") = "OOP_Project_DataSaver", "OOP_Project_DataSaver\OOP_Project_DataSaver.csproj", "{3F9CB08E-FC87-46AE-8E4B-674CAF31A32E}"
EndProject
Project("{FAE04EC0-301F-11D3-BF4B-00C04F79EFBC}") = "FileCryptoRepository", "FileCryptoRepository\FileCryptoRepository.csproj", "{CCA28456-6029-4DB6-B53B-236079CF1706}"
EndProject
Global
	GlobalSection(SolutionConfigurationPlatforms) = preSolution
		Debug|Any CPU = Debug|Any CPU
		Release|Any CPU = Release|Any CPU
	EndGlobalSection
	GlobalSection(ProjectConfigurationPlatforms) = postSolution
		{3F9CB08E-FC87-46AE-8E4B-674CAF31A32E}.Debug|Any CPU.ActiveCfg = Debug|Any CPU
		{3F9CB08E-FC87-46AE-8E4B-674CAF31A32E}.Debug|Any CPU.Build.0 = Debug|Any CPU
		{3F9CB08E-FC87-46AE-8E4B-674CAF31A32E}.Release|Any CPU.ActiveCfg = Release|Any CPU
		{3F9CB08E-FC87-46AE-8E4B-674CAF31A32E}.Release|Any CPU.Build.0 = Release|Any CPU
		{CCA28456-6029-4DB6-B53B-236079CF1706}.Debug|Any CPU.ActiveCfg = Debug|Any CPU
		{CCA28456-6029-4DB6-B53B-236079CF1706}.Debug|Any CPU.Build.0 = Debug|Any CPU
		{CCA28456-6029-4DB6-B53B-236079CF1706}.Release|Any CPU.ActiveCfg = Release|Any CPU
		{CCA28456-6029-4DB6-B53B-236079CF1706}.Release|Any CPU.Build.0 = Release|Any CPU
	EndGlobalSection
EndGlobal
